// !$*UTF8*$!
{
	archiveVersion = 1;
	classes = {
	};
	objectVersion = 50;
	objects = {

/* Begin PBXBuildFile section */
		737F775B220F7C0A0078871B /* Bundle+Model.swift in Sources */ = {isa = PBXBuildFile; fileRef = 737F775A220F7C0A0078871B /* Bundle+Model.swift */; };
		737F775D220F7EAD0078871B /* Errors.swift in Sources */ = {isa = PBXBuildFile; fileRef = 737F775C220F7EAD0078871B /* Errors.swift */; };
		737F7762220F837C0078871B /* Bundle+Model.swift in Sources */ = {isa = PBXBuildFile; fileRef = 737F775A220F7C0A0078871B /* Bundle+Model.swift */; };
		737F7763220F837C0078871B /* Errors.swift in Sources */ = {isa = PBXBuildFile; fileRef = 737F775C220F7EAD0078871B /* Errors.swift */; };
		737F7765220F84190078871B /* cartfile.private in Resources */ = {isa = PBXBuildFile; fileRef = 737F7764220F84190078871B /* cartfile.private */; };
		737F7797220F97180078871B /* BlueLine.framework in Frameworks */ = {isa = PBXBuildFile; fileRef = 737F7766220F84D20078871B /* BlueLine.framework */; };
		737F77B3221097410078871B /* ByrdStation.framework in Frameworks */ = {isa = PBXBuildFile; fileRef = C1EE48DF21F6CB920033DA81 /* ByrdStation.framework */; };
		737F77B9221097AA0078871B /* SQLiteContainerTests.swift in Sources */ = {isa = PBXBuildFile; fileRef = C1EE48FB21F6CD310033DA81 /* SQLiteContainerTests.swift */; };
		737F77BA221097C60078871B /* TestModel.xcdatamodeld in Sources */ = {isa = PBXBuildFile; fileRef = 737F7757220F7BC20078871B /* TestModel.xcdatamodeld */; };
		737F77BB221097FA0078871B /* BlueLine.framework in Frameworks */ = {isa = PBXBuildFile; fileRef = 737F7798220F97340078871B /* BlueLine.framework */; };
		737F77BC22109FF80078871B /* TestModel.xcdatamodeld in Sources */ = {isa = PBXBuildFile; fileRef = 737F7757220F7BC20078871B /* TestModel.xcdatamodeld */; };
		737F77BF2210A0830078871B /* BundleModelTests.swift in Sources */ = {isa = PBXBuildFile; fileRef = 737F77BD2210A0770078871B /* BundleModelTests.swift */; };
		737F77C02210A0840078871B /* BundleModelTests.swift in Sources */ = {isa = PBXBuildFile; fileRef = 737F77BD2210A0770078871B /* BundleModelTests.swift */; };
		737F77C22210A2570078871B /* InvalidModel.momd in Resources */ = {isa = PBXBuildFile; fileRef = 737F77C12210A2570078871B /* InvalidModel.momd */; };
		737F77C32210A2570078871B /* InvalidModel.momd in Resources */ = {isa = PBXBuildFile; fileRef = 737F77C12210A2570078871B /* InvalidModel.momd */; };
		73DC418C221115D600E75AEE /* FileManager+Document.swift in Sources */ = {isa = PBXBuildFile; fileRef = 73DC418B221115D600E75AEE /* FileManager+Document.swift */; };
		73DC418D221115D600E75AEE /* FileManager+Document.swift in Sources */ = {isa = PBXBuildFile; fileRef = 73DC418B221115D600E75AEE /* FileManager+Document.swift */; };
		73DC418F2211170900E75AEE /* FileManagerDocumentTests.swift in Sources */ = {isa = PBXBuildFile; fileRef = 73DC418E2211170900E75AEE /* FileManagerDocumentTests.swift */; };
		73DC41902211170900E75AEE /* FileManagerDocumentTests.swift in Sources */ = {isa = PBXBuildFile; fileRef = 73DC418E2211170900E75AEE /* FileManagerDocumentTests.swift */; };
		C122B56921FE066A007DDCEE /* SQLiteContainerTests.swift in Sources */ = {isa = PBXBuildFile; fileRef = C1EE48FB21F6CD310033DA81 /* SQLiteContainerTests.swift */; };
		C122B56B21FE0942007DDCEE /* ByrdStation.framework in Frameworks */ = {isa = PBXBuildFile; fileRef = C1E0351C21FDFC600098780E /* ByrdStation.framework */; };
		C122B56C21FE0A85007DDCEE /* ManageableDefaults.swift in Sources */ = {isa = PBXBuildFile; fileRef = C1EE48FD21F6CD7D0033DA81 /* ManageableDefaults.swift */; };
		C122B57021FE1FDF007DDCEE /* ManageableWithContext.swift in Sources */ = {isa = PBXBuildFile; fileRef = C122B56F21FE1FDF007DDCEE /* ManageableWithContext.swift */; };
		C122B57121FE1FE1007DDCEE /* ManageableWithContext.swift in Sources */ = {isa = PBXBuildFile; fileRef = C122B56F21FE1FDF007DDCEE /* ManageableWithContext.swift */; };
		C122B57321FE206E007DDCEE /* ManageableMixins.swift in Sources */ = {isa = PBXBuildFile; fileRef = C122B57221FE206E007DDCEE /* ManageableMixins.swift */; };
		C122B57521FE2202007DDCEE /* ManageableMixins.swift in Sources */ = {isa = PBXBuildFile; fileRef = C122B57221FE206E007DDCEE /* ManageableMixins.swift */; };
		C122B59C21FE5A25007DDCEE /* Container.swift in Sources */ = {isa = PBXBuildFile; fileRef = C122B59B21FE5A25007DDCEE /* Container.swift */; };
		C122B59D21FE5A2E007DDCEE /* Container.swift in Sources */ = {isa = PBXBuildFile; fileRef = C122B59B21FE5A25007DDCEE /* Container.swift */; };
		C122B59F21FE5A48007DDCEE /* SQLiteContainer.swift in Sources */ = {isa = PBXBuildFile; fileRef = C122B59E21FE5A48007DDCEE /* SQLiteContainer.swift */; };
		C122B5A021FE5A48007DDCEE /* SQLiteContainer.swift in Sources */ = {isa = PBXBuildFile; fileRef = C122B59E21FE5A48007DDCEE /* SQLiteContainer.swift */; };
		C1EE48FF21F6CE1C0033DA81 /* ManageableDefaults.swift in Sources */ = {isa = PBXBuildFile; fileRef = C1EE48FD21F6CD7D0033DA81 /* ManageableDefaults.swift */; };
/* End PBXBuildFile section */

/* Begin PBXContainerItemProxy section */
		737F77B4221097410078871B /* PBXContainerItemProxy */ = {
			isa = PBXContainerItemProxy;
			containerPortal = C1EE48D621F6CB920033DA81 /* Project object */;
			proxyType = 1;
			remoteGlobalIDString = C1EE48DE21F6CB920033DA81;
			remoteInfo = ByrdStation_macOS;
		};
		C122B56421FE0642007DDCEE /* PBXContainerItemProxy */ = {
			isa = PBXContainerItemProxy;
			containerPortal = C1EE48D621F6CB920033DA81 /* Project object */;
			proxyType = 1;
			remoteGlobalIDString = C1E0351B21FDFC600098780E;
			remoteInfo = ByrdStation_iOS;
		};
/* End PBXContainerItemProxy section */

/* Begin PBXFileReference section */
		737F77502207AA8F0078871B /* Package.swift */ = {isa = PBXFileReference; lastKnownFileType = sourcecode.swift; name = Package.swift; path = ../Package.swift; sourceTree = "<group>"; };
		737F7758220F7BC20078871B /* TestModel.xcdatamodel */ = {isa = PBXFileReference; lastKnownFileType = wrapper.xcdatamodel; path = TestModel.xcdatamodel; sourceTree = "<group>"; };
		737F775A220F7C0A0078871B /* Bundle+Model.swift */ = {isa = PBXFileReference; lastKnownFileType = sourcecode.swift; path = "Bundle+Model.swift"; sourceTree = "<group>"; };
		737F775C220F7EAD0078871B /* Errors.swift */ = {isa = PBXFileReference; lastKnownFileType = sourcecode.swift; path = Errors.swift; sourceTree = "<group>"; };
		737F7764220F84190078871B /* cartfile.private */ = {isa = PBXFileReference; lastKnownFileType = text; name = cartfile.private; path = ../cartfile.private; sourceTree = "<group>"; };
		737F7766220F84D20078871B /* BlueLine.framework */ = {isa = PBXFileReference; lastKnownFileType = wrapper.framework; name = BlueLine.framework; path = ../Carthage/Build/iOS/BlueLine.framework; sourceTree = "<group>"; };
		737F7798220F97340078871B /* BlueLine.framework */ = {isa = PBXFileReference; lastKnownFileType = wrapper.framework; name = BlueLine.framework; path = ../Carthage/Build/Mac/BlueLine.framework; sourceTree = "<group>"; };
		737F77AE221097410078871B /* ByrdStationTests_macOS.xctest */ = {isa = PBXFileReference; explicitFileType = wrapper.cfbundle; includeInIndex = 0; path = ByrdStationTests_macOS.xctest; sourceTree = BUILT_PRODUCTS_DIR; };
		737F77BD2210A0770078871B /* BundleModelTests.swift */ = {isa = PBXFileReference; lastKnownFileType = sourcecode.swift; path = BundleModelTests.swift; sourceTree = "<group>"; };
		737F77C12210A2570078871B /* InvalidModel.momd */ = {isa = PBXFileReference; lastKnownFileType = text; path = InvalidModel.momd; sourceTree = "<group>"; };
		73DC418B221115D600E75AEE /* FileManager+Document.swift */ = {isa = PBXFileReference; lastKnownFileType = sourcecode.swift; path = "FileManager+Document.swift"; sourceTree = "<group>"; };
		73DC418E2211170900E75AEE /* FileManagerDocumentTests.swift */ = {isa = PBXFileReference; lastKnownFileType = sourcecode.swift; path = FileManagerDocumentTests.swift; sourceTree = "<group>"; };
		C122B55E21FE0642007DDCEE /* ByrdStationTests_iOS.xctest */ = {isa = PBXFileReference; explicitFileType = wrapper.cfbundle; includeInIndex = 0; path = ByrdStationTests_iOS.xctest; sourceTree = BUILT_PRODUCTS_DIR; };
		C122B56F21FE1FDF007DDCEE /* ManageableWithContext.swift */ = {isa = PBXFileReference; lastKnownFileType = sourcecode.swift; path = ManageableWithContext.swift; sourceTree = "<group>"; };
		C122B57221FE206E007DDCEE /* ManageableMixins.swift */ = {isa = PBXFileReference; lastKnownFileType = sourcecode.swift; path = ManageableMixins.swift; sourceTree = "<group>"; };
		C122B59B21FE5A25007DDCEE /* Container.swift */ = {isa = PBXFileReference; lastKnownFileType = sourcecode.swift; path = Container.swift; sourceTree = "<group>"; };
		C122B59E21FE5A48007DDCEE /* SQLiteContainer.swift */ = {isa = PBXFileReference; lastKnownFileType = sourcecode.swift; path = SQLiteContainer.swift; sourceTree = "<group>"; };
		C1E0351C21FDFC600098780E /* ByrdStation.framework */ = {isa = PBXFileReference; explicitFileType = wrapper.framework; includeInIndex = 0; path = ByrdStation.framework; sourceTree = BUILT_PRODUCTS_DIR; };
		C1EE48DF21F6CB920033DA81 /* ByrdStation.framework */ = {isa = PBXFileReference; explicitFileType = wrapper.framework; includeInIndex = 0; path = ByrdStation.framework; sourceTree = BUILT_PRODUCTS_DIR; };
		C1EE48FB21F6CD310033DA81 /* SQLiteContainerTests.swift */ = {isa = PBXFileReference; fileEncoding = 4; lastKnownFileType = sourcecode.swift; path = SQLiteContainerTests.swift; sourceTree = "<group>"; };
		C1EE48FD21F6CD7D0033DA81 /* ManageableDefaults.swift */ = {isa = PBXFileReference; lastKnownFileType = sourcecode.swift; path = ManageableDefaults.swift; sourceTree = "<group>"; };
/* End PBXFileReference section */

/* Begin PBXFrameworksBuildPhase section */
		737F77AB221097410078871B /* Frameworks */ = {
			isa = PBXFrameworksBuildPhase;
			buildActionMask = 2147483647;
			files = (
				737F77BB221097FA0078871B /* BlueLine.framework in Frameworks */,
				737F77B3221097410078871B /* ByrdStation.framework in Frameworks */,
			);
			runOnlyForDeploymentPostprocessing = 0;
		};
		C122B55B21FE0642007DDCEE /* Frameworks */ = {
			isa = PBXFrameworksBuildPhase;
			buildActionMask = 2147483647;
			files = (
				737F7797220F97180078871B /* BlueLine.framework in Frameworks */,
				C122B56B21FE0942007DDCEE /* ByrdStation.framework in Frameworks */,
			);
			runOnlyForDeploymentPostprocessing = 0;
		};
		C1E0351921FDFC600098780E /* Frameworks */ = {
			isa = PBXFrameworksBuildPhase;
			buildActionMask = 2147483647;
			files = (
			);
			runOnlyForDeploymentPostprocessing = 0;
		};
		C1EE48DC21F6CB920033DA81 /* Frameworks */ = {
			isa = PBXFrameworksBuildPhase;
			buildActionMask = 2147483647;
			files = (
			);
			runOnlyForDeploymentPostprocessing = 0;
		};
/* End PBXFrameworksBuildPhase section */

/* Begin PBXGroup section */
		C122B56A21FE0942007DDCEE /* Frameworks */ = {
			isa = PBXGroup;
			children = (
				737F7798220F97340078871B /* BlueLine.framework */,
				737F7766220F84D20078871B /* BlueLine.framework */,
			);
			name = Frameworks;
			sourceTree = "<group>";
		};
		C122B57421FE2164007DDCEE /* Manageable */ = {
			isa = PBXGroup;
			children = (
				C1EE48FD21F6CD7D0033DA81 /* ManageableDefaults.swift */,
				C122B57221FE206E007DDCEE /* ManageableMixins.swift */,
				C122B56F21FE1FDF007DDCEE /* ManageableWithContext.swift */,
			);
			path = Manageable;
			sourceTree = "<group>";
		};
		C122B59A21FE5A0D007DDCEE /* Container */ = {
			isa = PBXGroup;
			children = (
				C122B59B21FE5A25007DDCEE /* Container.swift */,
				C122B59E21FE5A48007DDCEE /* SQLiteContainer.swift */,
			);
			path = Container;
			sourceTree = "<group>";
		};
		C1EE48D521F6CB920033DA81 = {
			isa = PBXGroup;
			children = (
				737F77502207AA8F0078871B /* Package.swift */,
				737F7764220F84190078871B /* cartfile.private */,
				C1EE48F921F6CCDE0033DA81 /* Sources */,
				C1EE48FA21F6CD050033DA81 /* Tests */,
				C1EE48E021F6CB920033DA81 /* Products */,
				C122B56A21FE0942007DDCEE /* Frameworks */,
			);
			sourceTree = "<group>";
		};
		C1EE48E021F6CB920033DA81 /* Products */ = {
			isa = PBXGroup;
			children = (
				C1EE48DF21F6CB920033DA81 /* ByrdStation.framework */,
				C1E0351C21FDFC600098780E /* ByrdStation.framework */,
				C122B55E21FE0642007DDCEE /* ByrdStationTests_iOS.xctest */,
				737F77AE221097410078871B /* ByrdStationTests_macOS.xctest */,
			);
			name = Products;
			sourceTree = "<group>";
		};
		C1EE48F921F6CCDE0033DA81 /* Sources */ = {
			isa = PBXGroup;
			children = (
				C122B59A21FE5A0D007DDCEE /* Container */,
				C122B57421FE2164007DDCEE /* Manageable */,
				737F775A220F7C0A0078871B /* Bundle+Model.swift */,
				73DC418B221115D600E75AEE /* FileManager+Document.swift */,
				737F775C220F7EAD0078871B /* Errors.swift */,
			);
			name = Sources;
			path = ../Sources;
			sourceTree = "<group>";
		};
		C1EE48FA21F6CD050033DA81 /* Tests */ = {
			isa = PBXGroup;
			children = (
				737F77BD2210A0770078871B /* BundleModelTests.swift */,
				73DC418E2211170900E75AEE /* FileManagerDocumentTests.swift */,
				C1EE48FB21F6CD310033DA81 /* SQLiteContainerTests.swift */,
				737F7757220F7BC20078871B /* TestModel.xcdatamodeld */,
				737F77C12210A2570078871B /* InvalidModel.momd */,
			);
			name = Tests;
			path = ../Tests;
			sourceTree = "<group>";
		};
/* End PBXGroup section */

/* Begin PBXHeadersBuildPhase section */
		C1E0351721FDFC600098780E /* Headers */ = {
			isa = PBXHeadersBuildPhase;
			buildActionMask = 2147483647;
			files = (
			);
			runOnlyForDeploymentPostprocessing = 0;
		};
		C1EE48DA21F6CB920033DA81 /* Headers */ = {
			isa = PBXHeadersBuildPhase;
			buildActionMask = 2147483647;
			files = (
			);
			runOnlyForDeploymentPostprocessing = 0;
		};
/* End PBXHeadersBuildPhase section */

/* Begin PBXNativeTarget section */
		737F77AD221097410078871B /* ByrdStationTests_macOS */ = {
			isa = PBXNativeTarget;
			buildConfigurationList = 737F77B6221097410078871B /* Build configuration list for PBXNativeTarget "ByrdStationTests_macOS" */;
			buildPhases = (
				737F77AA221097410078871B /* Sources */,
				737F77AB221097410078871B /* Frameworks */,
				737F77AC221097410078871B /* Resources */,
			);
			buildRules = (
			);
			dependencies = (
				737F77B5221097410078871B /* PBXTargetDependency */,
			);
			name = ByrdStationTests_macOS;
			productName = ByrdStationTests_macOS;
			productReference = 737F77AE221097410078871B /* ByrdStationTests_macOS.xctest */;
			productType = "com.apple.product-type.bundle.unit-test";
		};
		C122B55D21FE0642007DDCEE /* ByrdStationTests_iOS */ = {
			isa = PBXNativeTarget;
			buildConfigurationList = C122B56821FE0642007DDCEE /* Build configuration list for PBXNativeTarget "ByrdStationTests_iOS" */;
			buildPhases = (
				C122B55A21FE0642007DDCEE /* Sources */,
				C122B55B21FE0642007DDCEE /* Frameworks */,
				C122B55C21FE0642007DDCEE /* Resources */,
			);
			buildRules = (
			);
			dependencies = (
				C122B56521FE0642007DDCEE /* PBXTargetDependency */,
			);
			name = ByrdStationTests_iOS;
			productName = ByrdStationTests_iOS;
			productReference = C122B55E21FE0642007DDCEE /* ByrdStationTests_iOS.xctest */;
			productType = "com.apple.product-type.bundle.unit-test";
		};
		C1E0351B21FDFC600098780E /* ByrdStation_iOS */ = {
			isa = PBXNativeTarget;
			buildConfigurationList = C1E0352121FDFC600098780E /* Build configuration list for PBXNativeTarget "ByrdStation_iOS" */;
			buildPhases = (
				C1E0351721FDFC600098780E /* Headers */,
				C1E0351821FDFC600098780E /* Sources */,
				C1E0351921FDFC600098780E /* Frameworks */,
				C1E0351A21FDFC600098780E /* Resources */,
				737F77522207AE7A0078871B /* Lint */,
			);
			buildRules = (
			);
			dependencies = (
			);
			name = ByrdStation_iOS;
			productName = ByrdStation_iOS;
			productReference = C1E0351C21FDFC600098780E /* ByrdStation.framework */;
			productType = "com.apple.product-type.framework";
		};
		C1EE48DE21F6CB920033DA81 /* ByrdStation_macOS */ = {
			isa = PBXNativeTarget;
			buildConfigurationList = C1EE48F321F6CB920033DA81 /* Build configuration list for PBXNativeTarget "ByrdStation_macOS" */;
			buildPhases = (
				C1EE48DA21F6CB920033DA81 /* Headers */,
				C1EE48DB21F6CB920033DA81 /* Sources */,
				C1EE48DC21F6CB920033DA81 /* Frameworks */,
				C1EE48DD21F6CB920033DA81 /* Resources */,
				737F77532207B3BE0078871B /* Lint */,
			);
			buildRules = (
			);
			dependencies = (
			);
			name = ByrdStation_macOS;
			productName = ByrdStation;
			productReference = C1EE48DF21F6CB920033DA81 /* ByrdStation.framework */;
			productType = "com.apple.product-type.framework";
		};
/* End PBXNativeTarget section */

/* Begin PBXProject section */
		C1EE48D621F6CB920033DA81 /* Project object */ = {
			isa = PBXProject;
			attributes = {
				LastSwiftUpdateCheck = 1010;
				LastUpgradeCheck = 1010;
				ORGANIZATIONNAME = MCMXCIX;
				TargetAttributes = {
					737F77AD221097410078871B = {
						CreatedOnToolsVersion = 10.1;
					};
					C122B55D21FE0642007DDCEE = {
						CreatedOnToolsVersion = 10.1;
					};
					C1E0351B21FDFC600098780E = {
						CreatedOnToolsVersion = 10.1;
					};
					C1EE48DE21F6CB920033DA81 = {
						CreatedOnToolsVersion = 10.1;
					};
				};
			};
			buildConfigurationList = C1EE48D921F6CB920033DA81 /* Build configuration list for PBXProject "ByrdStation" */;
			compatibilityVersion = "Xcode 9.3";
			developmentRegion = en;
			hasScannedForEncodings = 0;
			knownRegions = (
				en,
			);
			mainGroup = C1EE48D521F6CB920033DA81;
			productRefGroup = C1EE48E021F6CB920033DA81 /* Products */;
			projectDirPath = "";
			projectRoot = "";
			targets = (
				C1E0351B21FDFC600098780E /* ByrdStation_iOS */,
				C122B55D21FE0642007DDCEE /* ByrdStationTests_iOS */,
				C1EE48DE21F6CB920033DA81 /* ByrdStation_macOS */,
				737F77AD221097410078871B /* ByrdStationTests_macOS */,
			);
		};
/* End PBXProject section */

/* Begin PBXResourcesBuildPhase section */
		737F77AC221097410078871B /* Resources */ = {
			isa = PBXResourcesBuildPhase;
			buildActionMask = 2147483647;
			files = (
				737F77C32210A2570078871B /* InvalidModel.momd in Resources */,
			);
			runOnlyForDeploymentPostprocessing = 0;
		};
		C122B55C21FE0642007DDCEE /* Resources */ = {
			isa = PBXResourcesBuildPhase;
			buildActionMask = 2147483647;
			files = (
				737F77C22210A2570078871B /* InvalidModel.momd in Resources */,
			);
			runOnlyForDeploymentPostprocessing = 0;
		};
		C1E0351A21FDFC600098780E /* Resources */ = {
			isa = PBXResourcesBuildPhase;
			buildActionMask = 2147483647;
			files = (
				737F7765220F84190078871B /* cartfile.private in Resources */,
			);
			runOnlyForDeploymentPostprocessing = 0;
		};
		C1EE48DD21F6CB920033DA81 /* Resources */ = {
			isa = PBXResourcesBuildPhase;
			buildActionMask = 2147483647;
			files = (
			);
			runOnlyForDeploymentPostprocessing = 0;
		};
/* End PBXResourcesBuildPhase section */

/* Begin PBXShellScriptBuildPhase section */
		737F77522207AE7A0078871B /* Lint */ = {
			isa = PBXShellScriptBuildPhase;
			buildActionMask = 2147483647;
			files = (
			);
			inputFileListPaths = (
			);
			inputPaths = (
			);
			name = Lint;
			outputFileListPaths = (
			);
			outputPaths = (
			);
			runOnlyForDeploymentPostprocessing = 0;
			shellPath = /bin/sh;
			shellScript = "if [ \"${CONFIGURATION}\" == \"Debug\" ]\nthen\nswift run swiftlint --path ../Sources/ --config ../.swiftlint.yml\nfi\n";
			showEnvVarsInLog = 0;
		};
		737F77532207B3BE0078871B /* Lint */ = {
			isa = PBXShellScriptBuildPhase;
			buildActionMask = 2147483647;
			files = (
			);
			inputFileListPaths = (
			);
			inputPaths = (
			);
			name = Lint;
			outputFileListPaths = (
			);
			outputPaths = (
			);
			runOnlyForDeploymentPostprocessing = 0;
			shellPath = /bin/sh;
			shellScript = "swift run swiftlint --path ../Sources/ --config ../.swiftlint.yml\n";
		};
/* End PBXShellScriptBuildPhase section */

/* Begin PBXSourcesBuildPhase section */
		737F77AA221097410078871B /* Sources */ = {
			isa = PBXSourcesBuildPhase;
			buildActionMask = 2147483647;
			files = (
				737F77C02210A0840078871B /* BundleModelTests.swift in Sources */,
				73DC41902211170900E75AEE /* FileManagerDocumentTests.swift in Sources */,
				737F77B9221097AA0078871B /* SQLiteContainerTests.swift in Sources */,
				737F77BA221097C60078871B /* TestModel.xcdatamodeld in Sources */,
			);
			runOnlyForDeploymentPostprocessing = 0;
		};
		C122B55A21FE0642007DDCEE /* Sources */ = {
			isa = PBXSourcesBuildPhase;
			buildActionMask = 2147483647;
			files = (
				737F77BF2210A0830078871B /* BundleModelTests.swift in Sources */,
				73DC418F2211170900E75AEE /* FileManagerDocumentTests.swift in Sources */,
				C122B56921FE066A007DDCEE /* SQLiteContainerTests.swift in Sources */,
				737F77BC22109FF80078871B /* TestModel.xcdatamodeld in Sources */,
			);
			runOnlyForDeploymentPostprocessing = 0;
		};
		C1E0351821FDFC600098780E /* Sources */ = {
			isa = PBXSourcesBuildPhase;
			buildActionMask = 2147483647;
			files = (
				737F775D220F7EAD0078871B /* Errors.swift in Sources */,
				C122B59F21FE5A48007DDCEE /* SQLiteContainer.swift in Sources */,
				C122B57021FE1FDF007DDCEE /* ManageableWithContext.swift in Sources */,
				C122B59C21FE5A25007DDCEE /* Container.swift in Sources */,
				C122B56C21FE0A85007DDCEE /* ManageableDefaults.swift in Sources */,
				73DC418C221115D600E75AEE /* FileManager+Document.swift in Sources */,
				C122B57321FE206E007DDCEE /* ManageableMixins.swift in Sources */,
				737F775B220F7C0A0078871B /* Bundle+Model.swift in Sources */,
			);
			runOnlyForDeploymentPostprocessing = 0;
		};
		C1EE48DB21F6CB920033DA81 /* Sources */ = {
			isa = PBXSourcesBuildPhase;
			buildActionMask = 2147483647;
			files = (
				C122B5A021FE5A48007DDCEE /* SQLiteContainer.swift in Sources */,
				C122B57121FE1FE1007DDCEE /* ManageableWithContext.swift in Sources */,
				C122B59D21FE5A2E007DDCEE /* Container.swift in Sources */,
				C1EE48FF21F6CE1C0033DA81 /* ManageableDefaults.swift in Sources */,
				C122B57521FE2202007DDCEE /* ManageableMixins.swift in Sources */,
				73DC418D221115D600E75AEE /* FileManager+Document.swift in Sources */,
				737F7762220F837C0078871B /* Bundle+Model.swift in Sources */,
				737F7763220F837C0078871B /* Errors.swift in Sources */,
			);
			runOnlyForDeploymentPostprocessing = 0;
		};
/* End PBXSourcesBuildPhase section */

/* Begin PBXTargetDependency section */
		737F77B5221097410078871B /* PBXTargetDependency */ = {
			isa = PBXTargetDependency;
			target = C1EE48DE21F6CB920033DA81 /* ByrdStation_macOS */;
			targetProxy = 737F77B4221097410078871B /* PBXContainerItemProxy */;
		};
		C122B56521FE0642007DDCEE /* PBXTargetDependency */ = {
			isa = PBXTargetDependency;
			target = C1E0351B21FDFC600098780E /* ByrdStation_iOS */;
			targetProxy = C122B56421FE0642007DDCEE /* PBXContainerItemProxy */;
		};
/* End PBXTargetDependency section */

/* Begin XCBuildConfiguration section */
		737F77B7221097410078871B /* Debug */ = {
			isa = XCBuildConfiguration;
			buildSettings = {
				CODE_SIGN_STYLE = Automatic;
				COMBINE_HIDPI_IMAGES = YES;
				DEVELOPMENT_TEAM = D4565GL3HE;
				FRAMEWORK_SEARCH_PATHS = "$(PROJECT_DIR)/../Carthage/Build/Mac";
				INFOPLIST_FILE = "Info-Tests.plist";
				LD_RUNPATH_SEARCH_PATHS = (
					"$(inherited)",
					"@executable_path/../Frameworks",
					"@loader_path/../Frameworks",
					"$(PROJECT_DIR)/../Carthage/Build/Mac",
				);
				PRODUCT_BUNDLE_IDENTIFIER = "com.mcmxcix.ByrdStationTests-macOS";
				PRODUCT_NAME = "$(TARGET_NAME)";
				SWIFT_VERSION = 4.2;
			};
			name = Debug;
		};
		737F77B8221097410078871B /* Release */ = {
			isa = XCBuildConfiguration;
			buildSettings = {
				CODE_SIGN_STYLE = Automatic;
				COMBINE_HIDPI_IMAGES = YES;
				DEVELOPMENT_TEAM = D4565GL3HE;
				FRAMEWORK_SEARCH_PATHS = "$(PROJECT_DIR)/../Carthage/Build/Mac";
				INFOPLIST_FILE = "Info-Tests.plist";
				LD_RUNPATH_SEARCH_PATHS = (
					"$(inherited)",
					"@executable_path/../Frameworks",
					"@loader_path/../Frameworks",
					"$(PROJECT_DIR)/../Carthage/Build/Mac",
				);
				PRODUCT_BUNDLE_IDENTIFIER = "com.mcmxcix.ByrdStationTests-macOS";
				PRODUCT_NAME = "$(TARGET_NAME)";
				SWIFT_VERSION = 4.2;
			};
			name = Release;
		};
		C122B56621FE0642007DDCEE /* Debug */ = {
			isa = XCBuildConfiguration;
			buildSettings = {
				ALWAYS_EMBED_SWIFT_STANDARD_LIBRARIES = YES;
				CODE_SIGN_IDENTITY = "iPhone Developer";
				CODE_SIGN_STYLE = Automatic;
				DEVELOPMENT_TEAM = D4565GL3HE;
				FRAMEWORK_SEARCH_PATHS = "$(PROJECT_DIR)/../Carthage/Build/iOS";
				INFOPLIST_FILE = "Info-Tests.plist";
				IPHONEOS_DEPLOYMENT_TARGET = 10.0;
				LD_RUNPATH_SEARCH_PATHS = (
					"$(inherited)",
					"@executable_path/Frameworks",
					"@loader_path/Frameworks",
					"$(PROJECT_DIR)/../Carthage/Build/iOS",
				);
				PRODUCT_BUNDLE_IDENTIFIER = "com.mcmxcix.ByrdStationTests-iOS";
				PRODUCT_NAME = "$(TARGET_NAME)";
				SDKROOT = iphoneos;
				SWIFT_VERSION = 4.2;
				TARGETED_DEVICE_FAMILY = "1,2";
			};
			name = Debug;
		};
		C122B56721FE0642007DDCEE /* Release */ = {
			isa = XCBuildConfiguration;
			buildSettings = {
				ALWAYS_EMBED_SWIFT_STANDARD_LIBRARIES = YES;
				CODE_SIGN_IDENTITY = "iPhone Developer";
				CODE_SIGN_STYLE = Automatic;
				DEVELOPMENT_TEAM = D4565GL3HE;
				FRAMEWORK_SEARCH_PATHS = "$(PROJECT_DIR)/../Carthage/Build/iOS";
				INFOPLIST_FILE = "Info-Tests.plist";
				IPHONEOS_DEPLOYMENT_TARGET = 10.0;
				LD_RUNPATH_SEARCH_PATHS = (
					"$(inherited)",
					"@executable_path/Frameworks",
					"@loader_path/Frameworks",
					"$(PROJECT_DIR)/../Carthage/Build/iOS",
				);
				PRODUCT_BUNDLE_IDENTIFIER = "com.mcmxcix.ByrdStationTests-iOS";
				PRODUCT_NAME = "$(TARGET_NAME)";
				SDKROOT = iphoneos;
				SWIFT_VERSION = 4.2;
				TARGETED_DEVICE_FAMILY = "1,2";
				VALIDATE_PRODUCT = YES;
			};
			name = Release;
		};
		C1E0352221FDFC600098780E /* Debug */ = {
			isa = XCBuildConfiguration;
			buildSettings = {
				CODE_SIGN_IDENTITY = "iPhone Developer";
				CODE_SIGN_STYLE = Automatic;
				DEFINES_MODULE = YES;
				DEVELOPMENT_TEAM = "";
				DYLIB_COMPATIBILITY_VERSION = 1;
				DYLIB_CURRENT_VERSION = 1;
				DYLIB_INSTALL_NAME_BASE = "@rpath";
				INFOPLIST_FILE = Info.plist;
				INSTALL_PATH = "$(LOCAL_LIBRARY_DIR)/Frameworks";
				IPHONEOS_DEPLOYMENT_TARGET = 10.0;
				LD_RUNPATH_SEARCH_PATHS = (
					"$(inherited)",
					"@executable_path/Frameworks",
					"@loader_path/Frameworks",
				);
				PRODUCT_BUNDLE_IDENTIFIER = com.mcmxcix.ByrdStation;
				PRODUCT_NAME = ByrdStation;
				SDKROOT = iphoneos;
				SKIP_INSTALL = YES;
				SWIFT_VERSION = 4.2;
				TARGETED_DEVICE_FAMILY = "1,2";
			};
			name = Debug;
		};
		C1E0352321FDFC600098780E /* Release */ = {
			isa = XCBuildConfiguration;
			buildSettings = {
				CODE_SIGN_IDENTITY = "iPhone Developer";
				CODE_SIGN_STYLE = Automatic;
				DEFINES_MODULE = YES;
				DEVELOPMENT_TEAM = "";
				DYLIB_COMPATIBILITY_VERSION = 1;
				DYLIB_CURRENT_VERSION = 1;
				DYLIB_INSTALL_NAME_BASE = "@rpath";
				INFOPLIST_FILE = Info.plist;
				INSTALL_PATH = "$(LOCAL_LIBRARY_DIR)/Frameworks";
				IPHONEOS_DEPLOYMENT_TARGET = 10.0;
				LD_RUNPATH_SEARCH_PATHS = (
					"$(inherited)",
					"@executable_path/Frameworks",
					"@loader_path/Frameworks",
				);
				PRODUCT_BUNDLE_IDENTIFIER = com.mcmxcix.ByrdStation;
				PRODUCT_NAME = ByrdStation;
				SDKROOT = iphoneos;
				SKIP_INSTALL = YES;
				SWIFT_VERSION = 4.2;
				TARGETED_DEVICE_FAMILY = "1,2";
				VALIDATE_PRODUCT = YES;
			};
			name = Release;
		};
		C1EE48F121F6CB920033DA81 /* Debug */ = {
			isa = XCBuildConfiguration;
			buildSettings = {
				ALWAYS_SEARCH_USER_PATHS = NO;
				CLANG_ANALYZER_NONNULL = YES;
				CLANG_ANALYZER_NUMBER_OBJECT_CONVERSION = YES_AGGRESSIVE;
				CLANG_CXX_LANGUAGE_STANDARD = "gnu++14";
				CLANG_CXX_LIBRARY = "libc++";
				CLANG_ENABLE_MODULES = YES;
				CLANG_ENABLE_OBJC_ARC = YES;
				CLANG_ENABLE_OBJC_WEAK = YES;
				CLANG_WARN_BLOCK_CAPTURE_AUTORELEASING = YES;
				CLANG_WARN_BOOL_CONVERSION = YES;
				CLANG_WARN_COMMA = YES;
				CLANG_WARN_CONSTANT_CONVERSION = YES;
				CLANG_WARN_DEPRECATED_OBJC_IMPLEMENTATIONS = YES;
				CLANG_WARN_DIRECT_OBJC_ISA_USAGE = YES_ERROR;
				CLANG_WARN_DOCUMENTATION_COMMENTS = YES;
				CLANG_WARN_EMPTY_BODY = YES;
				CLANG_WARN_ENUM_CONVERSION = YES;
				CLANG_WARN_INFINITE_RECURSION = YES;
				CLANG_WARN_INT_CONVERSION = YES;
				CLANG_WARN_NON_LITERAL_NULL_CONVERSION = YES;
				CLANG_WARN_OBJC_IMPLICIT_RETAIN_SELF = YES;
				CLANG_WARN_OBJC_LITERAL_CONVERSION = YES;
				CLANG_WARN_OBJC_ROOT_CLASS = YES_ERROR;
				CLANG_WARN_RANGE_LOOP_ANALYSIS = YES;
				CLANG_WARN_STRICT_PROTOTYPES = YES;
				CLANG_WARN_SUSPICIOUS_MOVE = YES;
				CLANG_WARN_UNGUARDED_AVAILABILITY = YES_AGGRESSIVE;
				CLANG_WARN_UNREACHABLE_CODE = YES;
				CLANG_WARN__DUPLICATE_METHOD_MATCH = YES;
				CODE_SIGN_IDENTITY = "Mac Developer";
				COPY_PHASE_STRIP = NO;
				CURRENT_PROJECT_VERSION = 1;
				DEBUG_INFORMATION_FORMAT = dwarf;
				ENABLE_STRICT_OBJC_MSGSEND = YES;
				ENABLE_TESTABILITY = YES;
				GCC_C_LANGUAGE_STANDARD = gnu11;
				GCC_DYNAMIC_NO_PIC = NO;
				GCC_NO_COMMON_BLOCKS = YES;
				GCC_OPTIMIZATION_LEVEL = 0;
				GCC_PREPROCESSOR_DEFINITIONS = (
					"DEBUG=1",
					"$(inherited)",
				);
				GCC_WARN_64_TO_32_BIT_CONVERSION = YES;
				GCC_WARN_ABOUT_RETURN_TYPE = YES_ERROR;
				GCC_WARN_UNDECLARED_SELECTOR = YES;
				GCC_WARN_UNINITIALIZED_AUTOS = YES_AGGRESSIVE;
				GCC_WARN_UNUSED_FUNCTION = YES;
				GCC_WARN_UNUSED_VARIABLE = YES;
				MACOSX_DEPLOYMENT_TARGET = 10.14;
				MTL_ENABLE_DEBUG_INFO = INCLUDE_SOURCE;
				MTL_FAST_MATH = YES;
				ONLY_ACTIVE_ARCH = YES;
				SDKROOT = macosx;
				SWIFT_ACTIVE_COMPILATION_CONDITIONS = DEBUG;
				SWIFT_OPTIMIZATION_LEVEL = "-Onone";
				VERSIONING_SYSTEM = "apple-generic";
				VERSION_INFO_PREFIX = "";
			};
			name = Debug;
		};
		C1EE48F221F6CB920033DA81 /* Release */ = {
			isa = XCBuildConfiguration;
			buildSettings = {
				ALWAYS_SEARCH_USER_PATHS = NO;
				CLANG_ANALYZER_NONNULL = YES;
				CLANG_ANALYZER_NUMBER_OBJECT_CONVERSION = YES_AGGRESSIVE;
				CLANG_CXX_LANGUAGE_STANDARD = "gnu++14";
				CLANG_CXX_LIBRARY = "libc++";
				CLANG_ENABLE_MODULES = YES;
				CLANG_ENABLE_OBJC_ARC = YES;
				CLANG_ENABLE_OBJC_WEAK = YES;
				CLANG_WARN_BLOCK_CAPTURE_AUTORELEASING = YES;
				CLANG_WARN_BOOL_CONVERSION = YES;
				CLANG_WARN_COMMA = YES;
				CLANG_WARN_CONSTANT_CONVERSION = YES;
				CLANG_WARN_DEPRECATED_OBJC_IMPLEMENTATIONS = YES;
				CLANG_WARN_DIRECT_OBJC_ISA_USAGE = YES_ERROR;
				CLANG_WARN_DOCUMENTATION_COMMENTS = YES;
				CLANG_WARN_EMPTY_BODY = YES;
				CLANG_WARN_ENUM_CONVERSION = YES;
				CLANG_WARN_INFINITE_RECURSION = YES;
				CLANG_WARN_INT_CONVERSION = YES;
				CLANG_WARN_NON_LITERAL_NULL_CONVERSION = YES;
				CLANG_WARN_OBJC_IMPLICIT_RETAIN_SELF = YES;
				CLANG_WARN_OBJC_LITERAL_CONVERSION = YES;
				CLANG_WARN_OBJC_ROOT_CLASS = YES_ERROR;
				CLANG_WARN_RANGE_LOOP_ANALYSIS = YES;
				CLANG_WARN_STRICT_PROTOTYPES = YES;
				CLANG_WARN_SUSPICIOUS_MOVE = YES;
				CLANG_WARN_UNGUARDED_AVAILABILITY = YES_AGGRESSIVE;
				CLANG_WARN_UNREACHABLE_CODE = YES;
				CLANG_WARN__DUPLICATE_METHOD_MATCH = YES;
				CODE_SIGN_IDENTITY = "Mac Developer";
				COPY_PHASE_STRIP = NO;
				CURRENT_PROJECT_VERSION = 1;
				DEBUG_INFORMATION_FORMAT = "dwarf-with-dsym";
				ENABLE_NS_ASSERTIONS = NO;
				ENABLE_STRICT_OBJC_MSGSEND = YES;
				GCC_C_LANGUAGE_STANDARD = gnu11;
				GCC_NO_COMMON_BLOCKS = YES;
				GCC_WARN_64_TO_32_BIT_CONVERSION = YES;
				GCC_WARN_ABOUT_RETURN_TYPE = YES_ERROR;
				GCC_WARN_UNDECLARED_SELECTOR = YES;
				GCC_WARN_UNINITIALIZED_AUTOS = YES_AGGRESSIVE;
				GCC_WARN_UNUSED_FUNCTION = YES;
				GCC_WARN_UNUSED_VARIABLE = YES;
				MACOSX_DEPLOYMENT_TARGET = 10.14;
				MTL_ENABLE_DEBUG_INFO = NO;
				MTL_FAST_MATH = YES;
				SDKROOT = macosx;
				SWIFT_COMPILATION_MODE = wholemodule;
				SWIFT_OPTIMIZATION_LEVEL = "-O";
				VERSIONING_SYSTEM = "apple-generic";
				VERSION_INFO_PREFIX = "";
			};
			name = Release;
		};
		C1EE48F421F6CB920033DA81 /* Debug */ = {
			isa = XCBuildConfiguration;
			buildSettings = {
				CODE_SIGN_IDENTITY = "Mac Developer";
				CODE_SIGN_STYLE = Automatic;
				COMBINE_HIDPI_IMAGES = YES;
				DEFINES_MODULE = YES;
				DEVELOPMENT_TEAM = D4565GL3HE;
				DYLIB_COMPATIBILITY_VERSION = 1;
				DYLIB_CURRENT_VERSION = 1;
				DYLIB_INSTALL_NAME_BASE = "@rpath";
				FRAMEWORK_VERSION = A;
				INFOPLIST_FILE = Info.plist;
				INSTALL_PATH = "$(LOCAL_LIBRARY_DIR)/Frameworks";
				LD_RUNPATH_SEARCH_PATHS = (
					"$(inherited)",
					"@executable_path/../Frameworks",
					"@loader_path/Frameworks",
				);
				MACOSX_DEPLOYMENT_TARGET = 10.12;
				PRODUCT_BUNDLE_IDENTIFIER = com.mcmxcix.ByrdStation;
				PRODUCT_NAME = ByrdStation;
				SKIP_INSTALL = YES;
				SWIFT_VERSION = 4.2;
			};
			name = Debug;
		};
		C1EE48F521F6CB920033DA81 /* Release */ = {
			isa = XCBuildConfiguration;
			buildSettings = {
				CODE_SIGN_IDENTITY = "";
				CODE_SIGN_STYLE = Automatic;
				COMBINE_HIDPI_IMAGES = YES;
				DEFINES_MODULE = YES;
				DEVELOPMENT_TEAM = D4565GL3HE;
				DYLIB_COMPATIBILITY_VERSION = 1;
				DYLIB_CURRENT_VERSION = 1;
				DYLIB_INSTALL_NAME_BASE = "@rpath";
				FRAMEWORK_VERSION = A;
				INFOPLIST_FILE = Info.plist;
				INSTALL_PATH = "$(LOCAL_LIBRARY_DIR)/Frameworks";
				LD_RUNPATH_SEARCH_PATHS = (
					"$(inherited)",
					"@executable_path/../Frameworks",
					"@loader_path/Frameworks",
				);
				MACOSX_DEPLOYMENT_TARGET = 10.12;
				PRODUCT_BUNDLE_IDENTIFIER = com.mcmxcix.ByrdStation;
				PRODUCT_NAME = ByrdStation;
				SKIP_INSTALL = YES;
				SWIFT_VERSION = 4.2;
			};
			name = Release;
		};
/* End XCBuildConfiguration section */

/* Begin XCConfigurationList section */
		737F77B6221097410078871B /* Build configuration list for PBXNativeTarget "ByrdStationTests_macOS" */ = {
			isa = XCConfigurationList;
			buildConfigurations = (
				737F77B7221097410078871B /* Debug */,
				737F77B8221097410078871B /* Release */,
			);
			defaultConfigurationIsVisible = 0;
			defaultConfigurationName = Release;
		};
		C122B56821FE0642007DDCEE /* Build configuration list for PBXNativeTarget "ByrdStationTests_iOS" */ = {
			isa = XCConfigurationList;
			buildConfigurations = (
				C122B56621FE0642007DDCEE /* Debug */,
				C122B56721FE0642007DDCEE /* Release */,
			);
			defaultConfigurationIsVisible = 0;
			defaultConfigurationName = Release;
		};
		C1E0352121FDFC600098780E /* Build configuration list for PBXNativeTarget "ByrdStation_iOS" */ = {
			isa = XCConfigurationList;
			buildConfigurations = (
				C1E0352221FDFC600098780E /* Debug */,
				C1E0352321FDFC600098780E /* Release */,
			);
			defaultConfigurationIsVisible = 0;
			defaultConfigurationName = Release;
		};
		C1EE48D921F6CB920033DA81 /* Build configuration list for PBXProject "ByrdStation" */ = {
			isa = XCConfigurationList;
			buildConfigurations = (
				C1EE48F121F6CB920033DA81 /* Debug */,
				C1EE48F221F6CB920033DA81 /* Release */,
			);
			defaultConfigurationIsVisible = 0;
			defaultConfigurationName = Release;
		};
		C1EE48F321F6CB920033DA81 /* Build configuration list for PBXNativeTarget "ByrdStation_macOS" */ = {
			isa = XCConfigurationList;
			buildConfigurations = (
				C1EE48F421F6CB920033DA81 /* Debug */,
				C1EE48F521F6CB920033DA81 /* Release */,
			);
			defaultConfigurationIsVisible = 0;
			defaultConfigurationName = Release;
		};
/* End XCConfigurationList section */

/* Begin XCVersionGroup section */
		737F7757220F7BC20078871B /* TestModel.xcdatamodeld */ = {
			isa = XCVersionGroup;
			children = (
				737F7758220F7BC20078871B /* TestModel.xcdatamodel */,
			);
			currentVersion = 737F7758220F7BC20078871B /* TestModel.xcdatamodel */;
			path = TestModel.xcdatamodeld;
			sourceTree = "<group>";
			versionGroupType = wrapper.xcdatamodel;
		};
/* End XCVersionGroup section */
	};
	rootObject = C1EE48D621F6CB920033DA81 /* Project object */;
}
